
Microsoft Visual Studio Solution File, Format Version 12.00
# Visual Studio Version 17
VisualStudioVersion = 17.13.35913.81 d17.13
MinimumVisualStudioVersion = 10.0.40219.1
Project("{2150E333-8FDC-42A3-9474-1A3956D46DE8}") = "Src", "Src", "{02EA681E-C7D8-13C7-8484-4AC65E1B71E8}"
EndProject
Project("{2150E333-8FDC-42A3-9474-1A3956D46DE8}") = "Apis", "Apis", "{6124C3A5-EB18-4379-935F-DEB6CD2266DB}"
EndProject
Project("{2150E333-8FDC-42A3-9474-1A3956D46DE8}") = "Core", "Core", "{814301E0-88A4-43DF-925A-B6B2E8EA5F3A}"
EndProject
Project("{2150E333-8FDC-42A3-9474-1A3956D46DE8}") = "Infrastructure", "Infrastructure", "{43D4C2EB-A95D-4525-9F1A-D962206E22F0}"
EndProject
Project("{2150E333-8FDC-42A3-9474-1A3956D46DE8}") = "Shared", "Shared", "{0320A75A-F0D5-4AF7-9D16-5184BDF8B278}"
EndProject
Project("{FAE04EC0-301F-11D3-BF4B-00C04F79EFBC}") = "Tweeter.APIs", "Tweeter.APIs\Tweeter.APIs.csproj", "{E2C1275F-2A66-43D4-99C3-1B94ED431A8A}"
EndProject
Project("{FAE04EC0-301F-11D3-BF4B-00C04F79EFBC}") = "Tweeter.Core.Application", "Tweeter.Core.Application\Tweeter.Core.Application.csproj", "{4FB7B3A2-F7D8-48F0-973C-03972153F079}"
EndProject
Project("{FAE04EC0-301F-11D3-BF4B-00C04F79EFBC}") = "Tweeter.Core.Application.Abstraction", "Tweeter.Core.Application.Abstraction\Tweeter.Core.Application.Abstraction.csproj", "{AEBBDA7C-92F4-4FF4-B989-D941F992E15D}"
EndProject
Project("{FAE04EC0-301F-11D3-BF4B-00C04F79EFBC}") = "Tweeter.Core.Domain", "Tweeter.Core.Domain\Tweeter.Core.Domain.csproj", "{21DD8B7F-364A-40AF-9B35-34F52988724D}"
EndProject
Project("{FAE04EC0-301F-11D3-BF4B-00C04F79EFBC}") = "Tweeter.Infrastructure", "Tweeter.Infrastructure\Tweeter.Infrastructure.csproj", "{DF5C5004-634B-4F13-A890-AAC792B6CAF1}"
EndProject
Project("{FAE04EC0-301F-11D3-BF4B-00C04F79EFBC}") = "Tweeter.Infrastructure.Persistence", "Tweeter.Infrastructure.Persistence\Tweeter.Infrastructure.Persistence.csproj", "{C126F30E-48C4-4A38-A18E-00ECF6DCE3E1}"
EndProject
Project("{FAE04EC0-301F-11D3-BF4B-00C04F79EFBC}") = "Tweeter.Shared", "Tweeter.Shared\Tweeter.Shared.csproj", "{04C35158-D8D1-4983-AED0-37E03B2B84AA}"
EndProject
Project("{FAE04EC0-301F-11D3-BF4B-00C04F79EFBC}") = "Tweeter.Apis.Controllers", "Tweeter.Apis.Controllers\Tweeter.Apis.Controllers.csproj", "{E887ED27-B1D6-4F2A-A23B-7A17225D8D64}"
EndProject
Global
	GlobalSection(SolutionConfigurationPlatforms) = preSolution
		Debug|Any CPU = Debug|Any CPU
		Release|Any CPU = Release|Any CPU
	EndGlobalSection
	GlobalSection(ProjectConfigurationPlatforms) = postSolution
		{E2C1275F-2A66-43D4-99C3-1B94ED431A8A}.Debug|Any CPU.ActiveCfg = Debug|Any CPU
		{E2C1275F-2A66-43D4-99C3-1B94ED431A8A}.Debug|Any CPU.Build.0 = Debug|Any CPU
		{E2C1275F-2A66-43D4-99C3-1B94ED431A8A}.Release|Any CPU.ActiveCfg = Release|Any CPU
		{E2C1275F-2A66-43D4-99C3-1B94ED431A8A}.Release|Any CPU.Build.0 = Release|Any CPU
		{4FB7B3A2-F7D8-48F0-973C-03972153F079}.Debug|Any CPU.ActiveCfg = Debug|Any CPU
		{4FB7B3A2-F7D8-48F0-973C-03972153F079}.Debug|Any CPU.Build.0 = Debug|Any CPU
		{4FB7B3A2-F7D8-48F0-973C-03972153F079}.Release|Any CPU.ActiveCfg = Release|Any CPU
		{4FB7B3A2-F7D8-48F0-973C-03972153F079}.Release|Any CPU.Build.0 = Release|Any CPU
		{AEBBDA7C-92F4-4FF4-B989-D941F992E15D}.Debug|Any CPU.ActiveCfg = Debug|Any CPU
		{AEBBDA7C-92F4-4FF4-B989-D941F992E15D}.Debug|Any CPU.Build.0 = Debug|Any CPU
		{AEBBDA7C-92F4-4FF4-B989-D941F992E15D}.Release|Any CPU.ActiveCfg = Release|Any CPU
		{AEBBDA7C-92F4-4FF4-B989-D941F992E15D}.Release|Any CPU.Build.0 = Release|Any CPU
		{21DD8B7F-364A-40AF-9B35-34F52988724D}.Debug|Any CPU.ActiveCfg = Debug|Any CPU
		{21DD8B7F-364A-40AF-9B35-34F52988724D}.Debug|Any CPU.Build.0 = Debug|Any CPU
		{21DD8B7F-364A-40AF-9B35-34F52988724D}.Release|Any CPU.ActiveCfg = Release|Any CPU
		{21DD8B7F-364A-40AF-9B35-34F52988724D}.Release|Any CPU.Build.0 = Release|Any CPU
		{DF5C5004-634B-4F13-A890-AAC792B6CAF1}.Debug|Any CPU.ActiveCfg = Debug|Any CPU
		{DF5C5004-634B-4F13-A890-AAC792B6CAF1}.Debug|Any CPU.Build.0 = Debug|Any CPU
		{DF5C5004-634B-4F13-A890-AAC792B6CAF1}.Release|Any CPU.ActiveCfg = Release|Any CPU
		{DF5C5004-634B-4F13-A890-AAC792B6CAF1}.Release|Any CPU.Build.0 = Release|Any CPU
		{C126F30E-48C4-4A38-A18E-00ECF6DCE3E1}.Debug|Any CPU.ActiveCfg = Debug|Any CPU
		{C126F30E-48C4-4A38-A18E-00ECF6DCE3E1}.Debug|Any CPU.Build.0 = Debug|Any CPU
		{C126F30E-48C4-4A38-A18E-00ECF6DCE3E1}.Release|Any CPU.ActiveCfg = Release|Any CPU
		{C126F30E-48C4-4A38-A18E-00ECF6DCE3E1}.Release|Any CPU.Build.0 = Release|Any CPU
		{04C35158-D8D1-4983-AED0-37E03B2B84AA}.Debug|Any CPU.ActiveCfg = Debug|Any CPU
		{04C35158-D8D1-4983-AED0-37E03B2B84AA}.Debug|Any CPU.Build.0 = Debug|Any CPU
		{04C35158-D8D1-4983-AED0-37E03B2B84AA}.Release|Any CPU.ActiveCfg = Release|Any CPU
		{04C35158-D8D1-4983-AED0-37E03B2B84AA}.Release|Any CPU.Build.0 = Release|Any CPU
		{E887ED27-B1D6-4F2A-A23B-7A17225D8D64}.Debug|Any CPU.ActiveCfg = Debug|Any CPU
		{E887ED27-B1D6-4F2A-A23B-7A17225D8D64}.Debug|Any CPU.Build.0 = Debug|Any CPU
		{E887ED27-B1D6-4F2A-A23B-7A17225D8D64}.Release|Any CPU.ActiveCfg = Release|Any CPU
		{E887ED27-B1D6-4F2A-A23B-7A17225D8D64}.Release|Any CPU.Build.0 = Release|Any CPU
	EndGlobalSection
	GlobalSection(SolutionProperties) = preSolution
		HideSolutionNode = FALSE
	EndGlobalSection
	GlobalSection(NestedProjects) = preSolution
		{6124C3A5-EB18-4379-935F-DEB6CD2266DB} = {02EA681E-C7D8-13C7-8484-4AC65E1B71E8}
		{814301E0-88A4-43DF-925A-B6B2E8EA5F3A} = {02EA681E-C7D8-13C7-8484-4AC65E1B71E8}
		{43D4C2EB-A95D-4525-9F1A-D962206E22F0} = {02EA681E-C7D8-13C7-8484-4AC65E1B71E8}
		{0320A75A-F0D5-4AF7-9D16-5184BDF8B278} = {02EA681E-C7D8-13C7-8484-4AC65E1B71E8}
		{E2C1275F-2A66-43D4-99C3-1B94ED431A8A} = {6124C3A5-EB18-4379-935F-DEB6CD2266DB}
		{4FB7B3A2-F7D8-48F0-973C-03972153F079} = {814301E0-88A4-43DF-925A-B6B2E8EA5F3A}
		{AEBBDA7C-92F4-4FF4-B989-D941F992E15D} = {814301E0-88A4-43DF-925A-B6B2E8EA5F3A}
		{21DD8B7F-364A-40AF-9B35-34F52988724D} = {814301E0-88A4-43DF-925A-B6B2E8EA5F3A}
		{DF5C5004-634B-4F13-A890-AAC792B6CAF1} = {43D4C2EB-A95D-4525-9F1A-D962206E22F0}
		{C126F30E-48C4-4A38-A18E-00ECF6DCE3E1} = {43D4C2EB-A95D-4525-9F1A-D962206E22F0}
		{04C35158-D8D1-4983-AED0-37E03B2B84AA} = {0320A75A-F0D5-4AF7-9D16-5184BDF8B278}
		{E887ED27-B1D6-4F2A-A23B-7A17225D8D64} = {6124C3A5-EB18-4379-935F-DEB6CD2266DB}
	EndGlobalSection
	GlobalSection(ExtensibilityGlobals) = postSolution
		SolutionGuid = {0FFF8033-A11F-4743-8CBD-A86010D85B03}
	EndGlobalSection
EndGlobal
